
Microsoft Visual Studio Solution File, Format Version 12.00
# Visual Studio Version 16
VisualStudioVersion = 16.0.30406.217
MinimumVisualStudioVersion = 10.0.40219.1
Project("{8BC9CEB8-8B4A-11D0-8D11-00A0C91BC942}") = "Lab1", "Lab1\Lab1.vcxproj", "{9971195C-1794-47F5-A61F-38F4365BAABA}"
EndProject
Project("{8BC9CEB8-8B4A-11D0-8D11-00A0C91BC942}") = "CheckPath", "CheckPath\CheckPath.vcxproj", "{C765AA55-3A3D-4F88-9141-C96FDF1D6221}"
EndProject
Project("{2150E333-8FDC-42A3-9474-1A3956D46DE8}") = "Unit07", "Unit07", "{3441D9E0-2D1C-4EF1-B39C-86BE59C0C78B}"
EndProject
Project("{2150E333-8FDC-42A3-9474-1A3956D46DE8}") = "Lab", "Lab", "{B0D5C6A6-7854-4FE3-9E3F-23D62D65F68B}"
EndProject
Project("{2150E333-8FDC-42A3-9474-1A3956D46DE8}") = "Unit1~6", "Unit1~6", "{2F19837F-74FE-4258-AE5D-AF89A032E583}"
EndProject
Project("{8BC9CEB8-8B4A-11D0-8D11-00A0C91BC942}") = "PathQuery", "PathQuery\PathQuery.vcxproj", "{AC52B5DC-C31F-474F-97E9-0C8F0F235293}"
EndProject
Project("{8BC9CEB8-8B4A-11D0-8D11-00A0C91BC942}") = "PathOperators", "PathOperators\PathOperators.vcxproj", "{18A8F34F-8190-44F8-8AB9-C668B07CE3B3}"
EndProject
Project("{8BC9CEB8-8B4A-11D0-8D11-00A0C91BC942}") = "StackOfInteger", "StackOfInteger\StackOfInteger.vcxproj", "{0FB97677-6F87-4746-A851-397775CD8B1C}"
EndProject
Project("{8BC9CEB8-8B4A-11D0-8D11-00A0C91BC942}") = "Shapes", "Shapes\Shapes.vcxproj", "{B8ED4032-E6D6-467C-B963-DEEB3E5BC77B}"
EndProject
Project("{8BC9CEB8-8B4A-11D0-8D11-00A0C91BC942}") = "Employees", "Employees\Employees.vcxproj", "{3E99CF3E-C06B-48B9-A66C-BFD2A67A2FBC}"
EndProject
Project("{8BC9CEB8-8B4A-11D0-8D11-00A0C91BC942}") = "test", "test\test.vcxproj", "{460EC5D0-61C7-4105-AB00-BC4601ECB34B}"
EndProject
Project("{8BC9CEB8-8B4A-11D0-8D11-00A0C91BC942}") = "PathSpace", "PathSpace\PathSpace.vcxproj", "{A6E8D49C-E276-44F7-BEEC-2CC2A99EA8A2}"
EndProject
Project("{8BC9CEB8-8B4A-11D0-8D11-00A0C91BC942}") = "BufferIO", "BufferIO\BufferIO.vcxproj", "{CA2B52C2-1947-4603-9CEC-14EF9F9C98DE}"
EndProject
Project("{8BC9CEB8-8B4A-11D0-8D11-00A0C91BC942}") = "FileOutput", "FileOutput\FileOutput.vcxproj", "{80C5D6CD-74CD-408E-86D5-9FC657F7A35F}"
EndProject
Global
	GlobalSection(SolutionConfigurationPlatforms) = preSolution
		Debug|x64 = Debug|x64
		Debug|x86 = Debug|x86
		Release|x64 = Release|x64
		Release|x86 = Release|x86
	EndGlobalSection
	GlobalSection(ProjectConfigurationPlatforms) = postSolution
		{9971195C-1794-47F5-A61F-38F4365BAABA}.Debug|x64.ActiveCfg = Debug|x64
		{9971195C-1794-47F5-A61F-38F4365BAABA}.Debug|x64.Build.0 = Debug|x64
		{9971195C-1794-47F5-A61F-38F4365BAABA}.Debug|x86.ActiveCfg = Debug|Win32
		{9971195C-1794-47F5-A61F-38F4365BAABA}.Debug|x86.Build.0 = Debug|Win32
		{9971195C-1794-47F5-A61F-38F4365BAABA}.Release|x64.ActiveCfg = Release|x64
		{9971195C-1794-47F5-A61F-38F4365BAABA}.Release|x64.Build.0 = Release|x64
		{9971195C-1794-47F5-A61F-38F4365BAABA}.Release|x86.ActiveCfg = Release|Win32
		{9971195C-1794-47F5-A61F-38F4365BAABA}.Release|x86.Build.0 = Release|Win32
		{C765AA55-3A3D-4F88-9141-C96FDF1D6221}.Debug|x64.ActiveCfg = Debug|x64
		{C765AA55-3A3D-4F88-9141-C96FDF1D6221}.Debug|x64.Build.0 = Debug|x64
		{C765AA55-3A3D-4F88-9141-C96FDF1D6221}.Debug|x86.ActiveCfg = Debug|Win32
		{C765AA55-3A3D-4F88-9141-C96FDF1D6221}.Debug|x86.Build.0 = Debug|Win32
		{C765AA55-3A3D-4F88-9141-C96FDF1D6221}.Release|x64.ActiveCfg = Release|x64
		{C765AA55-3A3D-4F88-9141-C96FDF1D6221}.Release|x64.Build.0 = Release|x64
		{C765AA55-3A3D-4F88-9141-C96FDF1D6221}.Release|x86.ActiveCfg = Release|Win32
		{C765AA55-3A3D-4F88-9141-C96FDF1D6221}.Release|x86.Build.0 = Release|Win32
		{AC52B5DC-C31F-474F-97E9-0C8F0F235293}.Debug|x64.ActiveCfg = Debug|x64
		{AC52B5DC-C31F-474F-97E9-0C8F0F235293}.Debug|x64.Build.0 = Debug|x64
		{AC52B5DC-C31F-474F-97E9-0C8F0F235293}.Debug|x86.ActiveCfg = Debug|Win32
		{AC52B5DC-C31F-474F-97E9-0C8F0F235293}.Debug|x86.Build.0 = Debug|Win32
		{AC52B5DC-C31F-474F-97E9-0C8F0F235293}.Release|x64.ActiveCfg = Release|x64
		{AC52B5DC-C31F-474F-97E9-0C8F0F235293}.Release|x64.Build.0 = Release|x64
		{AC52B5DC-C31F-474F-97E9-0C8F0F235293}.Release|x86.ActiveCfg = Release|Win32
		{AC52B5DC-C31F-474F-97E9-0C8F0F235293}.Release|x86.Build.0 = Release|Win32
		{18A8F34F-8190-44F8-8AB9-C668B07CE3B3}.Debug|x64.ActiveCfg = Debug|x64
		{18A8F34F-8190-44F8-8AB9-C668B07CE3B3}.Debug|x64.Build.0 = Debug|x64
		{18A8F34F-8190-44F8-8AB9-C668B07CE3B3}.Debug|x86.ActiveCfg = Debug|Win32
		{18A8F34F-8190-44F8-8AB9-C668B07CE3B3}.Debug|x86.Build.0 = Debug|Win32
		{18A8F34F-8190-44F8-8AB9-C668B07CE3B3}.Release|x64.ActiveCfg = Release|x64
		{18A8F34F-8190-44F8-8AB9-C668B07CE3B3}.Release|x64.Build.0 = Release|x64
		{18A8F34F-8190-44F8-8AB9-C668B07CE3B3}.Release|x86.ActiveCfg = Release|Win32
		{18A8F34F-8190-44F8-8AB9-C668B07CE3B3}.Release|x86.Build.0 = Release|Win32
		{0FB97677-6F87-4746-A851-397775CD8B1C}.Debug|x64.ActiveCfg = Debug|x64
		{0FB97677-6F87-4746-A851-397775CD8B1C}.Debug|x64.Build.0 = Debug|x64
		{0FB97677-6F87-4746-A851-397775CD8B1C}.Debug|x86.ActiveCfg = Debug|Win32
		{0FB97677-6F87-4746-A851-397775CD8B1C}.Debug|x86.Build.0 = Debug|Win32
		{0FB97677-6F87-4746-A851-397775CD8B1C}.Release|x64.ActiveCfg = Release|x64
		{0FB97677-6F87-4746-A851-397775CD8B1C}.Release|x64.Build.0 = Release|x64
		{0FB97677-6F87-4746-A851-397775CD8B1C}.Release|x86.ActiveCfg = Release|Win32
		{0FB97677-6F87-4746-A851-397775CD8B1C}.Release|x86.Build.0 = Release|Win32
		{B8ED4032-E6D6-467C-B963-DEEB3E5BC77B}.Debug|x64.ActiveCfg = Debug|x64
		{B8ED4032-E6D6-467C-B963-DEEB3E5BC77B}.Debug|x64.Build.0 = Debug|x64
		{B8ED4032-E6D6-467C-B963-DEEB3E5BC77B}.Debug|x86.ActiveCfg = Debug|Win32
		{B8ED4032-E6D6-467C-B963-DEEB3E5BC77B}.Debug|x86.Build.0 = Debug|Win32
		{B8ED4032-E6D6-467C-B963-DEEB3E5BC77B}.Release|x64.ActiveCfg = Release|x64
		{B8ED4032-E6D6-467C-B963-DEEB3E5BC77B}.Release|x64.Build.0 = Release|x64
		{B8ED4032-E6D6-467C-B963-DEEB3E5BC77B}.Release|x86.ActiveCfg = Release|Win32
		{B8ED4032-E6D6-467C-B963-DEEB3E5BC77B}.Release|x86.Build.0 = Release|Win32
		{3E99CF3E-C06B-48B9-A66C-BFD2A67A2FBC}.Debug|x64.ActiveCfg = Debug|x64
		{3E99CF3E-C06B-48B9-A66C-BFD2A67A2FBC}.Debug|x64.Build.0 = Debug|x64
		{3E99CF3E-C06B-48B9-A66C-BFD2A67A2FBC}.Debug|x86.ActiveCfg = Debug|Win32
		{3E99CF3E-C06B-48B9-A66C-BFD2A67A2FBC}.Debug|x86.Build.0 = Debug|Win32
		{3E99CF3E-C06B-48B9-A66C-BFD2A67A2FBC}.Release|x64.ActiveCfg = Release|x64
		{3E99CF3E-C06B-48B9-A66C-BFD2A67A2FBC}.Release|x64.Build.0 = Release|x64
		{3E99CF3E-C06B-48B9-A66C-BFD2A67A2FBC}.Release|x86.ActiveCfg = Release|Win32
		{3E99CF3E-C06B-48B9-A66C-BFD2A67A2FBC}.Release|x86.Build.0 = Release|Win32
		{460EC5D0-61C7-4105-AB00-BC4601ECB34B}.Debug|x64.ActiveCfg = Debug|x64
		{460EC5D0-61C7-4105-AB00-BC4601ECB34B}.Debug|x64.Build.0 = Debug|x64
		{460EC5D0-61C7-4105-AB00-BC4601ECB34B}.Debug|x86.ActiveCfg = Debug|Win32
		{460EC5D0-61C7-4105-AB00-BC4601ECB34B}.Debug|x86.Build.0 = Debug|Win32
		{460EC5D0-61C7-4105-AB00-BC4601ECB34B}.Release|x64.ActiveCfg = Release|x64
		{460EC5D0-61C7-4105-AB00-BC4601ECB34B}.Release|x64.Build.0 = Release|x64
		{460EC5D0-61C7-4105-AB00-BC4601ECB34B}.Release|x86.ActiveCfg = Release|Win32
		{460EC5D0-61C7-4105-AB00-BC4601ECB34B}.Release|x86.Build.0 = Release|Win32
		{A6E8D49C-E276-44F7-BEEC-2CC2A99EA8A2}.Debug|x64.ActiveCfg = Debug|x64
		{A6E8D49C-E276-44F7-BEEC-2CC2A99EA8A2}.Debug|x64.Build.0 = Debug|x64
		{A6E8D49C-E276-44F7-BEEC-2CC2A99EA8A2}.Debug|x86.ActiveCfg = Debug|Win32
		{A6E8D49C-E276-44F7-BEEC-2CC2A99EA8A2}.Debug|x86.Build.0 = Debug|Win32
		{A6E8D49C-E276-44F7-BEEC-2CC2A99EA8A2}.Release|x64.ActiveCfg = Release|x64
		{A6E8D49C-E276-44F7-BEEC-2CC2A99EA8A2}.Release|x64.Build.0 = Release|x64
		{A6E8D49C-E276-44F7-BEEC-2CC2A99EA8A2}.Release|x86.ActiveCfg = Release|Win32
		{A6E8D49C-E276-44F7-BEEC-2CC2A99EA8A2}.Release|x86.Build.0 = Release|Win32
		{CA2B52C2-1947-4603-9CEC-14EF9F9C98DE}.Debug|x64.ActiveCfg = Debug|x64
		{CA2B52C2-1947-4603-9CEC-14EF9F9C98DE}.Debug|x64.Build.0 = Debug|x64
		{CA2B52C2-1947-4603-9CEC-14EF9F9C98DE}.Debug|x86.ActiveCfg = Debug|Win32
		{CA2B52C2-1947-4603-9CEC-14EF9F9C98DE}.Debug|x86.Build.0 = Debug|Win32
		{CA2B52C2-1947-4603-9CEC-14EF9F9C98DE}.Release|x64.ActiveCfg = Release|x64
		{CA2B52C2-1947-4603-9CEC-14EF9F9C98DE}.Release|x64.Build.0 = Release|x64
		{CA2B52C2-1947-4603-9CEC-14EF9F9C98DE}.Release|x86.ActiveCfg = Release|Win32
		{CA2B52C2-1947-4603-9CEC-14EF9F9C98DE}.Release|x86.Build.0 = Release|Win32
		{80C5D6CD-74CD-408E-86D5-9FC657F7A35F}.Debug|x64.ActiveCfg = Debug|x64
		{80C5D6CD-74CD-408E-86D5-9FC657F7A35F}.Debug|x64.Build.0 = Debug|x64
		{80C5D6CD-74CD-408E-86D5-9FC657F7A35F}.Debug|x86.ActiveCfg = Debug|Win32
		{80C5D6CD-74CD-408E-86D5-9FC657F7A35F}.Debug|x86.Build.0 = Debug|Win32
		{80C5D6CD-74CD-408E-86D5-9FC657F7A35F}.Release|x64.ActiveCfg = Release|x64
		{80C5D6CD-74CD-408E-86D5-9FC657F7A35F}.Release|x64.Build.0 = Release|x64
		{80C5D6CD-74CD-408E-86D5-9FC657F7A35F}.Release|x86.ActiveCfg = Release|Win32
		{80C5D6CD-74CD-408E-86D5-9FC657F7A35F}.Release|x86.Build.0 = Release|Win32
	EndGlobalSection
	GlobalSection(SolutionProperties) = preSolution
		HideSolutionNode = FALSE
	EndGlobalSection
	GlobalSection(NestedProjects) = preSolution
		{9971195C-1794-47F5-A61F-38F4365BAABA} = {B0D5C6A6-7854-4FE3-9E3F-23D62D65F68B}
		{C765AA55-3A3D-4F88-9141-C96FDF1D6221} = {3441D9E0-2D1C-4EF1-B39C-86BE59C0C78B}
		{AC52B5DC-C31F-474F-97E9-0C8F0F235293} = {3441D9E0-2D1C-4EF1-B39C-86BE59C0C78B}
		{18A8F34F-8190-44F8-8AB9-C668B07CE3B3} = {3441D9E0-2D1C-4EF1-B39C-86BE59C0C78B}
		{0FB97677-6F87-4746-A851-397775CD8B1C} = {2F19837F-74FE-4258-AE5D-AF89A032E583}
		{B8ED4032-E6D6-467C-B963-DEEB3E5BC77B} = {2F19837F-74FE-4258-AE5D-AF89A032E583}
		{3E99CF3E-C06B-48B9-A66C-BFD2A67A2FBC} = {2F19837F-74FE-4258-AE5D-AF89A032E583}
		{A6E8D49C-E276-44F7-BEEC-2CC2A99EA8A2} = {3441D9E0-2D1C-4EF1-B39C-86BE59C0C78B}
		{CA2B52C2-1947-4603-9CEC-14EF9F9C98DE} = {3441D9E0-2D1C-4EF1-B39C-86BE59C0C78B}
		{80C5D6CD-74CD-408E-86D5-9FC657F7A35F} = {3441D9E0-2D1C-4EF1-B39C-86BE59C0C78B}
	EndGlobalSection
	GlobalSection(ExtensibilityGlobals) = postSolution
		SolutionGuid = {73C83928-D82A-4695-8D48-4489CA0A3DA6}
	EndGlobalSection
EndGlobal
